
Microsoft Visual Studio Solution File, Format Version 12.00
# Visual Studio Version 16
VisualStudioVersion = 16.0.810.14
MinimumVisualStudioVersion = 10.0.40219.1
Project("{FAE04EC0-301F-11D3-BF4B-00C04F79EFBC}") = "Soap", "Soap\Soap.csproj", "{036BB1D6-8F01-41CA-B6E4-D26C3EFB4796}"
EndProject
Global
	GlobalSection(SolutionConfigurationPlatforms) = preSolution
		Debug|Any CPU = Debug|Any CPU
		Release|Any CPU = Release|Any CPU
	EndGlobalSection
	GlobalSection(ProjectConfigurationPlatforms) = postSolution
		{036BB1D6-8F01-41CA-B6E4-D26C3EFB4796}.Debug|Any CPU.ActiveCfg = Debug|Any CPU
		{036BB1D6-8F01-41CA-B6E4-D26C3EFB4796}.Debug|Any CPU.Build.0 = Debug|Any CPU
		{036BB1D6-8F01-41CA-B6E4-D26C3EFB4796}.Release|Any CPU.ActiveCfg = Release|Any CPU
		{036BB1D6-8F01-41CA-B6E4-D26C3EFB4796}.Release|Any CPU.Build.0 = Release|Any CPU
	EndGlobalSection
	GlobalSection(SolutionProperties) = preSolution
		HideSolutionNode = FALSE
	EndGlobalSection
	GlobalSection(ExtensibilityGlobals) = postSolution
		SolutionGuid = {80167AA8-B5AC-4CD2-8B42-62A71248067A}
	EndGlobalSection
EndGlobal
